// !$*UTF8*$!
{
	archiveVersion = 1;
	classes = {
	};
	objectVersion = 50;
	objects = {

/* Begin PBXBuildFile section */
		CD7ACBDD216D64F4007506D2 /* AppDelegate.m in Sources */ = {isa = PBXBuildFile; fileRef = CD7ACBDC216D64F4007506D2 /* AppDelegate.m */; };
		CD7ACBE0216D64F4007506D2 /* FirstViewController.m in Sources */ = {isa = PBXBuildFile; fileRef = CD7ACBDF216D64F4007506D2 /* FirstViewController.m */; };
		CD7ACBE3216D64F4007506D2 /* Main.storyboard in Resources */ = {isa = PBXBuildFile; fileRef = CD7ACBE1216D64F4007506D2 /* Main.storyboard */; };
		CD7ACBE5216D64F4007506D2 /* Assets.xcassets in Resources */ = {isa = PBXBuildFile; fileRef = CD7ACBE4216D64F4007506D2 /* Assets.xcassets */; };
		CD7ACBE8216D64F4007506D2 /* LaunchScreen.storyboard in Resources */ = {isa = PBXBuildFile; fileRef = CD7ACBE6216D64F4007506D2 /* LaunchScreen.storyboard */; };
		CD7ACBEB216D64F4007506D2 /* main.m in Sources */ = {isa = PBXBuildFile; fileRef = CD7ACBEA216D64F4007506D2 /* main.m */; };
		CD7ACBF3216D654D007506D2 /* SecondViewController.m in Sources */ = {isa = PBXBuildFile; fileRef = CD7ACBF2216D654D007506D2 /* SecondViewController.m */; };
		CD7ACBFD216D6BFD007506D2 /* Person.m in Sources */ = {isa = PBXBuildFile; fileRef = CD7ACBFC216D6BFD007506D2 /* Person.m */; };
/* End PBXBuildFile section */

/* Begin PBXFileReference section */
		CD7ACBD8216D64F4007506D2 /* Objective-C_NavigationPractice.app */ = {isa = PBXFileReference; explicitFileType = wrapper.application; includeInIndex = 0; path = "Objective-C_NavigationPractice.app"; sourceTree = BUILT_PRODUCTS_DIR; };
		CD7ACBDB216D64F4007506D2 /* AppDelegate.h */ = {isa = PBXFileReference; lastKnownFileType = sourcecode.c.h; path = AppDelegate.h; sourceTree = "<group>"; };
		CD7ACBDC216D64F4007506D2 /* AppDelegate.m */ = {isa = PBXFileReference; lastKnownFileType = sourcecode.c.objc; path = AppDelegate.m; sourceTree = "<group>"; };
		CD7ACBDE216D64F4007506D2 /* FirstViewController.h */ = {isa = PBXFileReference; lastKnownFileType = sourcecode.c.h; path = FirstViewController.h; sourceTree = "<group>"; };
		CD7ACBDF216D64F4007506D2 /* FirstViewController.m */ = {isa = PBXFileReference; lastKnownFileType = sourcecode.c.objc; path = FirstViewController.m; sourceTree = "<group>"; };
		CD7ACBE2216D64F4007506D2 /* Base */ = {isa = PBXFileReference; lastKnownFileType = file.storyboard; name = Base; path = Base.lproj/Main.storyboard; sourceTree = "<group>"; };
		CD7ACBE4216D64F4007506D2 /* Assets.xcassets */ = {isa = PBXFileReference; lastKnownFileType = folder.assetcatalog; path = Assets.xcassets; sourceTree = "<group>"; };
		CD7ACBE7216D64F4007506D2 /* Base */ = {isa = PBXFileReference; lastKnownFileType = file.storyboard; name = Base; path = Base.lproj/LaunchScreen.storyboard; sourceTree = "<group>"; };
		CD7ACBE9216D64F4007506D2 /* Info.plist */ = {isa = PBXFileReference; lastKnownFileType = text.plist.xml; path = Info.plist; sourceTree = "<group>"; };
		CD7ACBEA216D64F4007506D2 /* main.m */ = {isa = PBXFileReference; lastKnownFileType = sourcecode.c.objc; path = main.m; sourceTree = "<group>"; };
		CD7ACBF1216D654D007506D2 /* SecondViewController.h */ = {isa = PBXFileReference; lastKnownFileType = sourcecode.c.h; path = SecondViewController.h; sourceTree = "<group>"; };
		CD7ACBF2216D654D007506D2 /* SecondViewController.m */ = {isa = PBXFileReference; lastKnownFileType = sourcecode.c.objc; path = SecondViewController.m; sourceTree = "<group>"; };
		CD7ACBFB216D6BF1007506D2 /* Person.h */ = {isa = PBXFileReference; lastKnownFileType = sourcecode.c.h; path = Person.h; sourceTree = "<group>"; };
		CD7ACBFC216D6BFD007506D2 /* Person.m */ = {isa = PBXFileReference; lastKnownFileType = sourcecode.c.objc; path = Person.m; sourceTree = "<group>"; };
/* End PBXFileReference section */

/* Begin PBXFrameworksBuildPhase section */
		CD7ACBD5216D64F4007506D2 /* Frameworks */ = {
			isa = PBXFrameworksBuildPhase;
			buildActionMask = 2147483647;
			files = (
			);
			runOnlyForDeploymentPostprocessing = 0;
		};
/* End PBXFrameworksBuildPhase section */

/* Begin PBXGroup section */
		CD7ACBCF216D64F3007506D2 = {
			isa = PBXGroup;
			children = (
				CD7ACBDA216D64F4007506D2 /* Objective-C_NavigationPractice */,
				CD7ACBD9216D64F4007506D2 /* Products */,
			);
			sourceTree = "<group>";
		};
		CD7ACBD9216D64F4007506D2 /* Products */ = {
			isa = PBXGroup;
			children = (
				CD7ACBD8216D64F4007506D2 /* Objective-C_NavigationPractice.app */,
			);
			name = Products;
			sourceTree = "<group>";
		};
		CD7ACBDA216D64F4007506D2 /* Objective-C_NavigationPractice */ = {
			isa = PBXGroup;
			children = (
				CD7ACBFA216D6B9B007506D2 /* Models */,
				CD7ACBF8216D6636007506D2 /* Controllers */,
				CD7ACBDB216D64F4007506D2 /* AppDelegate.h */,
				CD7ACBDC216D64F4007506D2 /* AppDelegate.m */,
				CD7ACBE1216D64F4007506D2 /* Main.storyboard */,
				CD7ACBE4216D64F4007506D2 /* Assets.xcassets */,
				CD7ACBE6216D64F4007506D2 /* LaunchScreen.storyboard */,
				CD7ACBE9216D64F4007506D2 /* Info.plist */,
				CD7ACBEA216D64F4007506D2 /* main.m */,
			);
			path = "Objective-C_NavigationPractice";
			sourceTree = "<group>";
		};
		CD7ACBF8216D6636007506D2 /* Controllers */ = {
			isa = PBXGroup;
			children = (
				CD7ACBDE216D64F4007506D2 /* FirstViewController.h */,
				CD7ACBDF216D64F4007506D2 /* FirstViewController.m */,
				CD7ACBF1216D654D007506D2 /* SecondViewController.h */,
				CD7ACBF2216D654D007506D2 /* SecondViewController.m */,
			);
			path = Controllers;
			sourceTree = "<group>";
		};
		CD7ACBFA216D6B9B007506D2 /* Models */ = {
			isa = PBXGroup;
			children = (
				CD7ACBFB216D6BF1007506D2 /* Person.h */,
				CD7ACBFC216D6BFD007506D2 /* Person.m */,
			);
			path = Models;
			sourceTree = "<group>";
		};
/* End PBXGroup section */

/* Begin PBXNativeTarget section */
		CD7ACBD7216D64F4007506D2 /* Objective-C_NavigationPractice */ = {
			isa = PBXNativeTarget;
			buildConfigurationList = CD7ACBEE216D64F4007506D2 /* Build configuration list for PBXNativeTarget "Objective-C_NavigationPractice" */;
			buildPhases = (
				CD7ACBD4216D64F4007506D2 /* Sources */,
				CD7ACBD5216D64F4007506D2 /* Frameworks */,
				CD7ACBD6216D64F4007506D2 /* Resources */,
			);
			buildRules = (
			);
			dependencies = (
			);
			name = "Objective-C_NavigationPractice";
			productName = "Objective-C_NavigationPractice";
			productReference = CD7ACBD8216D64F4007506D2 /* Objective-C_NavigationPractice.app */;
			productType = "com.apple.product-type.application";
		};
/* End PBXNativeTarget section */

/* Begin PBXProject section */
		CD7ACBD0216D64F3007506D2 /* Project object */ = {
			isa = PBXProject;
			attributes = {
				LastUpgradeCheck = 0940;
				ORGANIZATIONNAME = "Jacky Tang";
				TargetAttributes = {
					CD7ACBD7216D64F4007506D2 = {
						CreatedOnToolsVersion = 9.4.1;
					};
				};
			};
			buildConfigurationList = CD7ACBD3216D64F3007506D2 /* Build configuration list for PBXProject "Objective-C_NavigationPractice" */;
			compatibilityVersion = "Xcode 9.3";
			developmentRegion = en;
			hasScannedForEncodings = 0;
			knownRegions = (
				en,
				Base,
			);
			mainGroup = CD7ACBCF216D64F3007506D2;
			productRefGroup = CD7ACBD9216D64F4007506D2 /* Products */;
			projectDirPath = "";
			projectRoot = "";
			targets = (
				CD7ACBD7216D64F4007506D2 /* Objective-C_NavigationPractice */,
			);
		};
/* End PBXProject section */

/* Begin PBXResourcesBuildPhase section */
		CD7ACBD6216D64F4007506D2 /* Resources */ = {
			isa = PBXResourcesBuildPhase;
			buildActionMask = 2147483647;
			files = (
				CD7ACBE8216D64F4007506D2 /* LaunchScreen.storyboard in Resources */,
				CD7ACBE5216D64F4007506D2 /* Assets.xcassets in Resources */,
				CD7ACBE3216D64F4007506D2 /* Main.storyboard in Resources */,
			);
			runOnlyForDeploymentPostprocessing = 0;
		};
/* End PBXResourcesBuildPhase section */

/* Begin PBXSourcesBuildPhase section */
		CD7ACBD4216D64F4007506D2 /* Sources */ = {
			isa = PBXSourcesBuildPhase;
			buildActionMask = 2147483647;
			files = (
				CD7ACBF3216D654D007506D2 /* SecondViewController.m in Sources */,
				CD7ACBE0216D64F4007506D2 /* FirstViewController.m in Sources */,
				CD7ACBFD216D6BFD007506D2 /* Person.m in Sources */,
				CD7ACBEB216D64F4007506D2 /* main.m in Sources */,
				CD7ACBDD216D64F4007506D2 /* AppDelegate.m in Sources */,
			);
			runOnlyForDeploymentPostprocessing = 0;
		};
/* End PBXSourcesBuildPhase section */

/* Begin PBXVariantGroup section */
		CD7ACBE1216D64F4007506D2 /* Main.storyboard */ = {
			isa = PBXVariantGroup;
			children = (
				CD7ACBE2216D64F4007506D2 /* Base */,
			);
			name = Main.storyboard;
			sourceTree = "<group>";
		};
		CD7ACBE6216D64F4007506D2 /* LaunchScreen.storyboard */ = {
			isa = PBXVariantGroup;
			children = (
				CD7ACBE7216D64F4007506D2 /* Base */,
			);
			name = LaunchScreen.storyboard;
			sourceTree = "<group>";
		};
/* End PBXVariantGroup section */

/* Begin XCBuildConfiguration section */
		CD7ACBEC216D64F4007506D2 /* Debug */ = {
			isa = XCBuildConfiguration;
			buildSettings = {
				ALWAYS_SEARCH_USER_PATHS = NO;
				CLANG_ANALYZER_NONNULL = YES;
				CLANG_ANALYZER_NUMBER_OBJECT_CONVERSION = YES_AGGRESSIVE;
				CLANG_CXX_LANGUAGE_STANDARD = "gnu++14";
				CLANG_CXX_LIBRARY = "libc++";
				CLANG_ENABLE_MODULES = YES;
				CLANG_ENABLE_OBJC_ARC = YES;
				CLANG_ENABLE_OBJC_WEAK = YES;
				CLANG_WARN_BLOCK_CAPTURE_AUTORELEASING = YES;
				CLANG_WARN_BOOL_CONVERSION = YES;
				CLANG_WARN_COMMA = YES;
				CLANG_WARN_CONSTANT_CONVERSION = YES;
				CLANG_WARN_DEPRECATED_OBJC_IMPLEMENTATIONS = YES;
				CLANG_WARN_DIRECT_OBJC_ISA_USAGE = YES_ERROR;
				CLANG_WARN_DOCUMENTATION_COMMENTS = YES;
				CLANG_WARN_EMPTY_BODY = YES;
				CLANG_WARN_ENUM_CONVERSION = YES;
				CLANG_WARN_INFINITE_RECURSION = YES;
				CLANG_WARN_INT_CONVERSION = YES;
				CLANG_WARN_NON_LITERAL_NULL_CONVERSION = YES;
				CLANG_WARN_OBJC_IMPLICIT_RETAIN_SELF = YES;
				CLANG_WARN_OBJC_LITERAL_CONVERSION = YES;
				CLANG_WARN_OBJC_ROOT_CLASS = YES_ERROR;
				CLANG_WARN_RANGE_LOOP_ANALYSIS = YES;
				CLANG_WARN_STRICT_PROTOTYPES = YES;
				CLANG_WARN_SUSPICIOUS_MOVE = YES;
				CLANG_WARN_UNGUARDED_AVAILABILITY = YES_AGGRESSIVE;
				CLANG_WARN_UNREACHABLE_CODE = YES;
				CLANG_WARN__DUPLICATE_METHOD_MATCH = YES;
				CODE_SIGN_IDENTITY = "iPhone Developer";
				COPY_PHASE_STRIP = NO;
				DEBUG_INFORMATION_FORMAT = dwarf;
				ENABLE_STRICT_OBJC_MSGSEND = YES;
				ENABLE_TESTABILITY = YES;
				GCC_C_LANGUAGE_STANDARD = gnu11;
				GCC_DYNAMIC_NO_PIC = NO;
				GCC_NO_COMMON_BLOCKS = YES;
				GCC_OPTIMIZATION_LEVEL = 0;
				GCC_PREPROCESSOR_DEFINITIONS = (
					"DEBUG=1",
					"$(inherited)",
				);
				GCC_WARN_64_TO_32_BIT_CONVERSION = YES;
				GCC_WARN_ABOUT_RETURN_TYPE = YES_ERROR;
				GCC_WARN_UNDECLARED_SELECTOR = YES;
				GCC_WARN_UNINITIALIZED_AUTOS = YES_AGGRESSIVE;
				GCC_WARN_UNUSED_FUNCTION = YES;
				GCC_WARN_UNUSED_VARIABLE = YES;
				IPHONEOS_DEPLOYMENT_TARGET = 11.4;
				MTL_ENABLE_DEBUG_INFO = YES;
				ONLY_ACTIVE_ARCH = YES;
				SDKROOT = iphoneos;
			};
			name = Debug;
		};
		CD7ACBED216D64F4007506D2 /* Release */ = {
			isa = XCBuildConfiguration;
			buildSettings = {
				ALWAYS_SEARCH_USER_PATHS = NO;
				CLANG_ANALYZER_NONNULL = YES;
				CLANG_ANALYZER_NUMBER_OBJECT_CONVERSION = YES_AGGRESSIVE;
				CLANG_CXX_LANGUAGE_STANDARD = "gnu++14";
				CLANG_CXX_LIBRARY = "libc++";
				CLANG_ENABLE_MODULES = YES;
				CLANG_ENABLE_OBJC_ARC = YES;
				CLANG_ENABLE_OBJC_WEAK = YES;
				CLANG_WARN_BLOCK_CAPTURE_AUTORELEASING = YES;
				CLANG_WARN_BOOL_CONVERSION = YES;
				CLANG_WARN_COMMA = YES;
				CLANG_WARN_CONSTANT_CONVERSION = YES;
				CLANG_WARN_DEPRECATED_OBJC_IMPLEMENTATIONS = YES;
				CLANG_WARN_DIRECT_OBJC_ISA_USAGE = YES_ERROR;
				CLANG_WARN_DOCUMENTATION_COMMENTS = YES;
				CLANG_WARN_EMPTY_BODY = YES;
				CLANG_WARN_ENUM_CONVERSION = YES;
				CLANG_WARN_INFINITE_RECURSION = YES;
				CLANG_WARN_INT_CONVERSION = YES;
				CLANG_WARN_NON_LITERAL_NULL_CONVERSION = YES;
				CLANG_WARN_OBJC_IMPLICIT_RETAIN_SELF = YES;
				CLANG_WARN_OBJC_LITERAL_CONVERSION = YES;
				CLANG_WARN_OBJC_ROOT_CLASS = YES_ERROR;
				CLANG_WARN_RANGE_LOOP_ANALYSIS = YES;
				CLANG_WARN_STRICT_PROTOTYPES = YES;
				CLANG_WARN_SUSPICIOUS_MOVE = YES;
				CLANG_WARN_UNGUARDED_AVAILABILITY = YES_AGGRESSIVE;
				CLANG_WARN_UNREACHABLE_CODE = YES;
				CLANG_WARN__DUPLICATE_METHOD_MATCH = YES;
				CODE_SIGN_IDENTITY = "iPhone Developer";
				COPY_PHASE_STRIP = NO;
				DEBUG_INFORMATION_FORMAT = "dwarf-with-dsym";
				ENABLE_NS_ASSERTIONS = NO;
				ENABLE_STRICT_OBJC_MSGSEND = YES;
				GCC_C_LANGUAGE_STANDARD = gnu11;
				GCC_NO_COMMON_BLOCKS = YES;
				GCC_WARN_64_TO_32_BIT_CONVERSION = YES;
				GCC_WARN_ABOUT_RETURN_TYPE = YES_ERROR;
				GCC_WARN_UNDECLARED_SELECTOR = YES;
				GCC_WARN_UNINITIALIZED_AUTOS = YES_AGGRESSIVE;
				GCC_WARN_UNUSED_FUNCTION = YES;
				GCC_WARN_UNUSED_VARIABLE = YES;
				IPHONEOS_DEPLOYMENT_TARGET = 11.4;
				MTL_ENABLE_DEBUG_INFO = NO;
				SDKROOT = iphoneos;
				VALIDATE_PRODUCT = YES;
			};
			name = Release;
		};
		CD7ACBEF216D64F4007506D2 /* Debug */ = {
			isa = XCBuildConfiguration;
			buildSettings = {
				ASSETCATALOG_COMPILER_APPICON_NAME = AppIcon;
				CODE_SIGN_STYLE = Automatic;
				INFOPLIST_FILE = "Objective-C_NavigationPractice/Info.plist";
				LD_RUNPATH_SEARCH_PATHS = (
					"$(inherited)",
					"@executable_path/Frameworks",
				);
				PRODUCT_BUNDLE_IDENTIFIER = "Jacky.Objective-C-NavigationPractice";
				PRODUCT_NAME = "$(TARGET_NAME)";
				TARGETED_DEVICE_FAMILY = "1,2";
			};
			name = Debug;
		};
		CD7ACBF0216D64F4007506D2 /* Release */ = {
			isa = XCBuildConfiguration;
			buildSettings = {
				ASSETCATALOG_COMPILER_APPICON_NAME = AppIcon;
				CODE_SIGN_STYLE = Automatic;
				INFOPLIST_FILE = "Objective-C_NavigationPractice/Info.plist";
				LD_RUNPATH_SEARCH_PATHS = (
					"$(inherited)",
					"@executable_path/Frameworks",
				);
				PRODUCT_BUNDLE_IDENTIFIER = "Jacky.Objective-C-NavigationPractice";
				PRODUCT_NAME = "$(TARGET_NAME)";
				TARGETED_DEVICE_FAMILY = "1,2";
			};
			name = Release;
		};
/* End XCBuildConfiguration section */

/* Begin XCConfigurationList section */
		CD7ACBD3216D64F3007506D2 /* Build configuration list for PBXProject "Objective-C_NavigationPractice" */ = {
			isa = XCConfigurationList;
			buildConfigurations = (
				CD7ACBEC216D64F4007506D2 /* Debug */,
				CD7ACBED216D64F4007506D2 /* Release */,
			);
			defaultConfigurationIsVisible = 0;
			defaultConfigurationName = Release;
		};
		CD7ACBEE216D64F4007506D2 /* Build configuration list for PBXNativeTarget "Objective-C_NavigationPractice" */ = {
			isa = XCConfigurationList;
			buildConfigurations = (
				CD7ACBEF216D64F4007506D2 /* Debug */,
				CD7ACBF0216D64F4007506D2 /* Release */,
			);
			defaultConfigurationIsVisible = 0;
			defaultConfigurationName = Release;
		};
/* End XCConfigurationList section */
	};
	rootObject = CD7ACBD0216D64F3007506D2 /* Project object */;
}
